
Microsoft Visual Studio Solution File, Format Version 12.00
# Visual Studio 2012
Project("{6141683F-8A12-4E36-9623-2EB02B2C2303}") = "ShelloidSetup", "ShelloidSetup\ShelloidSetup.isproj", "{02F139B9-9B65-4CEF-B82D-7B6FE858C6DC}"
EndProject
Global
	GlobalSection(SolutionConfigurationPlatforms) = preSolution
		CD_ROM|Default = CD_ROM|Default
		DVD-5|Default = DVD-5|Default
		SingleImage|Default = SingleImage|Default
	EndGlobalSection
	GlobalSection(ProjectConfigurationPlatforms) = postSolution
		{02F139B9-9B65-4CEF-B82D-7B6FE858C6DC}.CD_ROM|Default.ActiveCfg = SingleImage
		{02F139B9-9B65-4CEF-B82D-7B6FE858C6DC}.CD_ROM|Default.Build.0 = SingleImage
		{02F139B9-9B65-4CEF-B82D-7B6FE858C6DC}.DVD-5|Default.ActiveCfg = DVD-5
		{02F139B9-9B65-4CEF-B82D-7B6FE858C6DC}.DVD-5|Default.Build.0 = DVD-5
		{02F139B9-9B65-4CEF-B82D-7B6FE858C6DC}.SingleImage|Default.ActiveCfg = SingleImage
		{02F139B9-9B65-4CEF-B82D-7B6FE858C6DC}.SingleImage|Default.Build.0 = SingleImage
	EndGlobalSection
	GlobalSection(SolutionProperties) = preSolution
		HideSolutionNode = FALSE
	EndGlobalSection
EndGlobal
